
Microsoft Visual Studio Solution File, Format Version 12.00
# Visual Studio Version 17
VisualStudioVersion = 17.8.34511.84
MinimumVisualStudioVersion = 10.0.40219.1
Project("{FAE04EC0-301F-11D3-BF4B-00C04F79EFBC}") = "HideAndSeek", "HideAndSeek\HideAndSeek.csproj", "{480D2909-5D3B-4B0C-B365-E6DDA1BEE395}"
EndProject
Global
	GlobalSection(SolutionConfigurationPlatforms) = preSolution
		Debug|Any CPU = Debug|Any CPU
		Release|Any CPU = Release|Any CPU
	EndGlobalSection
	GlobalSection(ProjectConfigurationPlatforms) = postSolution
		{480D2909-5D3B-4B0C-B365-E6DDA1BEE395}.Debug|Any CPU.ActiveCfg = Debug|Any CPU
		{480D2909-5D3B-4B0C-B365-E6DDA1BEE395}.Debug|Any CPU.Build.0 = Debug|Any CPU
		{480D2909-5D3B-4B0C-B365-E6DDA1BEE395}.Release|Any CPU.ActiveCfg = Release|Any CPU
		{480D2909-5D3B-4B0C-B365-E6DDA1BEE395}.Release|Any CPU.Build.0 = Release|Any CPU
	EndGlobalSection
	GlobalSection(SolutionProperties) = preSolution
		HideSolutionNode = FALSE
	EndGlobalSection
	GlobalSection(ExtensibilityGlobals) = postSolution
		SolutionGuid = {FAC948AD-386F-4B5C-A5A6-545D2A522A20}
	EndGlobalSection
EndGlobal
